
Microsoft Visual Studio Solution File, Format Version 12.00
# Visual Studio Version 16
VisualStudioVersion = 16.0.29006.145
MinimumVisualStudioVersion = 10.0.40219.1
Project("{9A19103F-16F7-4668-BE54-9A1E7A4F7556}") = "DatesterAPI", "DatesterAPI\DatesterAPI.csproj", "{FC52707E-7151-47B4-A9B0-375AA7B8DC62}"
EndProject
Project("{9A19103F-16F7-4668-BE54-9A1E7A4F7556}") = "Datester.Data", "Datester.Data\Datester.Data.csproj", "{D837D196-2FE9-4855-8066-AA5DC487F2FB}"
EndProject
Project("{9A19103F-16F7-4668-BE54-9A1E7A4F7556}") = "Datester.Data.Models", "Datester.Models\Datester.Data.Models.csproj", "{0AF05F20-17B0-45AD-9C78-239B02A4AFFB}"
EndProject
Project("{9A19103F-16F7-4668-BE54-9A1E7A4F7556}") = "Datester.Services", "Datester.Services\Datester.Services.csproj", "{63757F0B-7F91-4808-96C9-17ABD6637338}"
EndProject
Project("{FAE04EC0-301F-11D3-BF4B-00C04F79EFBC}") = "Datester.Tests", "Datester.Tests\Datester.Tests.csproj", "{6C8B38B8-2143-4AA9-8A73-571D9C5A2CDB}"
EndProject
Global
	GlobalSection(SolutionConfigurationPlatforms) = preSolution
		Debug|Any CPU = Debug|Any CPU
		Release|Any CPU = Release|Any CPU
	EndGlobalSection
	GlobalSection(ProjectConfigurationPlatforms) = postSolution
		{FC52707E-7151-47B4-A9B0-375AA7B8DC62}.Debug|Any CPU.ActiveCfg = Debug|Any CPU
		{FC52707E-7151-47B4-A9B0-375AA7B8DC62}.Debug|Any CPU.Build.0 = Debug|Any CPU
		{FC52707E-7151-47B4-A9B0-375AA7B8DC62}.Release|Any CPU.ActiveCfg = Release|Any CPU
		{FC52707E-7151-47B4-A9B0-375AA7B8DC62}.Release|Any CPU.Build.0 = Release|Any CPU
		{D837D196-2FE9-4855-8066-AA5DC487F2FB}.Debug|Any CPU.ActiveCfg = Debug|Any CPU
		{D837D196-2FE9-4855-8066-AA5DC487F2FB}.Debug|Any CPU.Build.0 = Debug|Any CPU
		{D837D196-2FE9-4855-8066-AA5DC487F2FB}.Release|Any CPU.ActiveCfg = Release|Any CPU
		{D837D196-2FE9-4855-8066-AA5DC487F2FB}.Release|Any CPU.Build.0 = Release|Any CPU
		{0AF05F20-17B0-45AD-9C78-239B02A4AFFB}.Debug|Any CPU.ActiveCfg = Debug|Any CPU
		{0AF05F20-17B0-45AD-9C78-239B02A4AFFB}.Debug|Any CPU.Build.0 = Debug|Any CPU
		{0AF05F20-17B0-45AD-9C78-239B02A4AFFB}.Release|Any CPU.ActiveCfg = Release|Any CPU
		{0AF05F20-17B0-45AD-9C78-239B02A4AFFB}.Release|Any CPU.Build.0 = Release|Any CPU
		{63757F0B-7F91-4808-96C9-17ABD6637338}.Debug|Any CPU.ActiveCfg = Debug|Any CPU
		{63757F0B-7F91-4808-96C9-17ABD6637338}.Debug|Any CPU.Build.0 = Debug|Any CPU
		{63757F0B-7F91-4808-96C9-17ABD6637338}.Release|Any CPU.ActiveCfg = Release|Any CPU
		{63757F0B-7F91-4808-96C9-17ABD6637338}.Release|Any CPU.Build.0 = Release|Any CPU
		{6C8B38B8-2143-4AA9-8A73-571D9C5A2CDB}.Debug|Any CPU.ActiveCfg = Debug|Any CPU
		{6C8B38B8-2143-4AA9-8A73-571D9C5A2CDB}.Debug|Any CPU.Build.0 = Debug|Any CPU
		{6C8B38B8-2143-4AA9-8A73-571D9C5A2CDB}.Release|Any CPU.ActiveCfg = Release|Any CPU
		{6C8B38B8-2143-4AA9-8A73-571D9C5A2CDB}.Release|Any CPU.Build.0 = Release|Any CPU
	EndGlobalSection
	GlobalSection(SolutionProperties) = preSolution
		HideSolutionNode = FALSE
	EndGlobalSection
	GlobalSection(ExtensibilityGlobals) = postSolution
		SolutionGuid = {7DFD5DC3-E451-4016-8D95-B5420F8111AC}
	EndGlobalSection
EndGlobal
